// !$*UTF8*$!
{
	archiveVersion = 1;
	classes = {
	};
	objectVersion = 56;
	objects = {

/* Begin PBXBuildFile section */
		A10000000000000000000001 /* TodoMacApp.swift in Sources */ = {isa = PBXBuildFile; fileRef = A20000000000000000000001 /* TodoMacApp.swift */; };
		A10000000000000000000002 /* TodoViewModel.swift in Sources */ = {isa = PBXBuildFile; fileRef = A20000000000000000000002 /* TodoViewModel.swift */; };
		A10000000000000000000003 /* ContentView.swift in Sources */ = {isa = PBXBuildFile; fileRef = A20000000000000000000003 /* ContentView.swift */; };
		A10000000000000000000004 /* Models.swift in Sources */ = {isa = PBXBuildFile; fileRef = A20000000000000000000004 /* Models.swift */; };
		A10000000000000000000005 /* SQLiteConnection.swift in Sources */ = {isa = PBXBuildFile; fileRef = A20000000000000000000005 /* SQLiteConnection.swift */; };
		A10000000000000000000006 /* Schema.swift in Sources */ = {isa = PBXBuildFile; fileRef = A20000000000000000000006 /* Schema.swift */; };
		A10000000000000000000007 /* TaskRepository.swift in Sources */ = {isa = PBXBuildFile; fileRef = A20000000000000000000007 /* TaskRepository.swift */; };
		A10000000000000000000008 /* TaskRepositoryTests.swift in Sources */ = {isa = PBXBuildFile; fileRef = A20000000000000000000008 /* TaskRepositoryTests.swift */; };
		A10000000000000000000009 /* QueryTests.swift in Sources */ = {isa = PBXBuildFile; fileRef = A20000000000000000000009 /* QueryTests.swift */; };
		A1000000000000000000000A /* DatabaseConfigurationTests.swift in Sources */ = {isa = PBXBuildFile; fileRef = A2000000000000000000000A /* DatabaseConfigurationTests.swift */; };
		A1000000000000000000000B /* XCTest.framework in Frameworks */ = {isa = PBXBuildFile; fileRef = A2000000000000000000000B /* XCTest.framework */; };
/* End PBXBuildFile section */

/* Begin PBXContainerItemProxy section */
		A30000000000000000000001 /* PBXContainerItemProxy */ = {
			isa = PBXContainerItemProxy;
			containerPortal = A40000000000000000000001 /* Project object */;
			proxyType = 1;
			remoteGlobalIDString = A50000000000000000000001;
			remoteInfo = TodoMac;
		};
/* End PBXContainerItemProxy section */

/* Begin PBXFileReference section */
		A20000000000000000000001 /* TodoMacApp.swift */ = {isa = PBXFileReference; lastKnownFileType = sourcecode.swift; path = TodoMacApp.swift; sourceTree = "<group>"; };
		A20000000000000000000002 /* TodoViewModel.swift */ = {isa = PBXFileReference; lastKnownFileType = sourcecode.swift; path = TodoViewModel.swift; sourceTree = "<group>"; };
		A20000000000000000000003 /* ContentView.swift */ = {isa = PBXFileReference; lastKnownFileType = sourcecode.swift; path = ContentView.swift; sourceTree = "<group>"; };
		A20000000000000000000004 /* Models.swift */ = {isa = PBXFileReference; lastKnownFileType = sourcecode.swift; path = Models.swift; sourceTree = "<group>"; };
		A20000000000000000000005 /* SQLiteConnection.swift */ = {isa = PBXFileReference; lastKnownFileType = sourcecode.swift; path = SQLiteConnection.swift; sourceTree = "<group>"; };
		A20000000000000000000006 /* Schema.swift */ = {isa = PBXFileReference; lastKnownFileType = sourcecode.swift; path = Schema.swift; sourceTree = "<group>"; };
		A20000000000000000000007 /* TaskRepository.swift */ = {isa = PBXFileReference; lastKnownFileType = sourcecode.swift; path = TaskRepository.swift; sourceTree = "<group>"; };
		A20000000000000000000008 /* TaskRepositoryTests.swift */ = {isa = PBXFileReference; lastKnownFileType = sourcecode.swift; path = TaskRepositoryTests.swift; sourceTree = "<group>"; };
		A20000000000000000000009 /* QueryTests.swift */ = {isa = PBXFileReference; lastKnownFileType = sourcecode.swift; path = QueryTests.swift; sourceTree = "<group>"; };
		A2000000000000000000000A /* DatabaseConfigurationTests.swift */ = {isa = PBXFileReference; lastKnownFileType = sourcecode.swift; path = DatabaseConfigurationTests.swift; sourceTree = "<group>"; };
		A2000000000000000000000B /* XCTest.framework */ = {isa = PBXFileReference; lastKnownFileType = wrapper.framework; name = XCTest.framework; path = System/Library/Frameworks/XCTest.framework; sourceTree = SDKROOT; };
		A2000000000000000000000C /* TodoMac.app */ = {isa = PBXFileReference; explicitFileType = wrapper.application; includeInIndex = 0; path = TodoMac.app; sourceTree = BUILT_PRODUCTS_DIR; };
		A2000000000000000000000D /* TodoMacTests.xctest */ = {isa = PBXFileReference; explicitFileType = wrapper.cfbundle; includeInIndex = 0; path = TodoMacTests.xctest; sourceTree = BUILT_PRODUCTS_DIR; };
/* End PBXFileReference section */

/* Begin PBXFrameworksBuildPhase section */
		A60000000000000000000001 /* Frameworks */ = {
			isa = PBXFrameworksBuildPhase;
			buildActionMask = 2147483647;
			files = (
			);
			runOnlyForDeploymentPostprocessing = 0;
		};
		A60000000000000000000002 /* Frameworks */ = {
			isa = PBXFrameworksBuildPhase;
			buildActionMask = 2147483647;
			files = (
				A1000000000000000000000B /* XCTest.framework in Frameworks */,
			);
			runOnlyForDeploymentPostprocessing = 0;
		};
/* End PBXFrameworksBuildPhase section */

/* Begin PBXGroup section */
		A70000000000000000000001 = {
			isa = PBXGroup;
			children = (
				A70000000000000000000002 /* TodoMac */,
				A70000000000000000000006 /* TodoMacTests */,
				A70000000000000000000007 /* Frameworks */,
				A70000000000000000000008 /* Products */,
			);
			sourceTree = "<group>";
		};
		A70000000000000000000002 /* TodoMac */ = {
			isa = PBXGroup;
			children = (
				A70000000000000000000003 /* App */,
				A70000000000000000000004 /* Core */,
				A70000000000000000000005 /* Services */,
			);
			path = TodoMac;
			sourceTree = "<group>";
		};
		A70000000000000000000003 /* App */ = {
			isa = PBXGroup;
			children = (
				A20000000000000000000001 /* TodoMacApp.swift */,
				A20000000000000000000002 /* TodoViewModel.swift */,
				A20000000000000000000003 /* ContentView.swift */,
			);
			path = App;
			sourceTree = "<group>";
		};
		A70000000000000000000004 /* Core */ = {
			isa = PBXGroup;
			children = (
				A20000000000000000000004 /* Models.swift */,
			);
			path = Core;
			sourceTree = "<group>";
		};
		A70000000000000000000005 /* Services */ = {
			isa = PBXGroup;
			children = (
				A20000000000000000000005 /* SQLiteConnection.swift */,
				A20000000000000000000006 /* Schema.swift */,
				A20000000000000000000007 /* TaskRepository.swift */,
			);
			path = Services;
			sourceTree = "<group>";
		};
		A70000000000000000000006 /* TodoMacTests */ = {
			isa = PBXGroup;
			children = (
				A20000000000000000000008 /* TaskRepositoryTests.swift */,
				A20000000000000000000009 /* QueryTests.swift */,
				A2000000000000000000000A /* DatabaseConfigurationTests.swift */,
			);
			path = TodoMacTests;
			sourceTree = "<group>";
		};
		A70000000000000000000007 /* Frameworks */ = {
			isa = PBXGroup;
			children = (
				A2000000000000000000000B /* XCTest.framework */,
			);
			name = Frameworks;
			sourceTree = "<group>";
		};
		A70000000000000000000008 /* Products */ = {
			isa = PBXGroup;
			children = (
				A2000000000000000000000C /* TodoMac.app */,
				A2000000000000000000000D /* TodoMacTests.xctest */,
			);
			name = Products;
			sourceTree = "<group>";
		};
/* End PBXGroup section */

/* Begin PBXNativeTarget section */
		A50000000000000000000001 /* TodoMac */ = {
			isa = PBXNativeTarget;
			buildConfigurationList = AB0000000000000000000001 /* Build configuration list for PBXNativeTarget "TodoMac" */;
			buildPhases = (
				AA0000000000000000000001 /* Sources */,
				A60000000000000000000001 /* Frameworks */,
				AC0000000000000000000001 /* Resources */,
			);
			buildRules = (
			);
			dependencies = (
			);
			name = TodoMac;
			productName = TodoMac;
			productReference = A2000000000000000000000C /* TodoMac.app */;
			productType = "com.apple.product-type.application";
		};
		A50000000000000000000002 /* TodoMacTests */ = {
			isa = PBXNativeTarget;
			buildConfigurationList = AB0000000000000000000002 /* Build configuration list for PBXNativeTarget "TodoMacTests" */;
			buildPhases = (
				AA0000000000000000000002 /* Sources */,
				A60000000000000000000002 /* Frameworks */,
				AC0000000000000000000002 /* Resources */,
			);
			buildRules = (
			);
			dependencies = (
				A80000000000000000000001 /* PBXTargetDependency */,
			);
			name = TodoMacTests;
			productName = TodoMacTests;
			productReference = A2000000000000000000000D /* TodoMacTests.xctest */;
			productType = "com.apple.product-type.bundle.unit-test";
		};
/* End PBXNativeTarget section */

/* Begin PBXProject section */
		A40000000000000000000001 /* Project object */ = {
			isa = PBXProject;
			attributes = {
				BuildIndependentTargetsInParallel = 1;
				LastSwiftUpdateCheck = 1500;
				LastUpgradeCheck = 1500;
				TargetAttributes = {
					A50000000000000000000001 = {
						CreatedOnToolsVersion = 15.0;
					};
					A50000000000000000000002 = {
						CreatedOnToolsVersion = 15.0;
						TestTargetID = A50000000000000000000001;
					};
				};
			};
			buildConfigurationList = AB0000000000000000000003 /* Build configuration list for PBXProject "TodoMac" */;
			compatibilityVersion = "Xcode 14.0";
			developmentRegion = en;
			hasScannedForEncodings = 0;
			knownRegions = (
				en,
				Base,
			);
			mainGroup = A70000000000000000000001;
			productRefGroup = A70000000000000000000008 /* Products */;
			projectDirPath = "";
			projectRoot = "";
			targets = (
				A50000000000000000000001 /* TodoMac */,
				A50000000000000000000002 /* TodoMacTests */,
			);
		};
/* End PBXProject section */

/* Begin PBXResourcesBuildPhase section */
		AC0000000000000000000001 /* Resources */ = {
			isa = PBXResourcesBuildPhase;
			buildActionMask = 2147483647;
			files = (
			);
			runOnlyForDeploymentPostprocessing = 0;
		};
		AC0000000000000000000002 /* Resources */ = {
			isa = PBXResourcesBuildPhase;
			buildActionMask = 2147483647;
			files = (
			);
			runOnlyForDeploymentPostprocessing = 0;
		};
/* End PBXResourcesBuildPhase section */

/* Begin PBXSourcesBuildPhase section */
		AA0000000000000000000001 /* Sources */ = {
			isa = PBXSourcesBuildPhase;
			buildActionMask = 2147483647;
			files = (
				A10000000000000000000001 /* TodoMacApp.swift in Sources */,
				A10000000000000000000002 /* TodoViewModel.swift in Sources */,
				A10000000000000000000003 /* ContentView.swift in Sources */,
				A10000000000000000000004 /* Models.swift in Sources */,
				A10000000000000000000005 /* SQLiteConnection.swift in Sources */,
				A10000000000000000000006 /* Schema.swift in Sources */,
				A10000000000000000000007 /* TaskRepository.swift in Sources */,
			);
			runOnlyForDeploymentPostprocessing = 0;
		};
		AA0000000000000000000002 /* Sources */ = {
			isa = PBXSourcesBuildPhase;
			buildActionMask = 2147483647;
			files = (
				A10000000000000000000008 /* TaskRepositoryTests.swift in Sources */,
				A10000000000000000000009 /* QueryTests.swift in Sources */,
				A1000000000000000000000A /* DatabaseConfigurationTests.swift in Sources */,
			);
			runOnlyForDeploymentPostprocessing = 0;
		};
/* End PBXSourcesBuildPhase section */

/* Begin PBXTargetDependency section */
		A80000000000000000000001 /* PBXTargetDependency */ = {
			isa = PBXTargetDependency;
			target = A50000000000000000000001 /* TodoMac */;
			targetProxy = A30000000000000000000001 /* PBXContainerItemProxy */;
		};
/* End PBXTargetDependency section */

/* Begin XCBuildConfiguration section */
		AD0000000000000000000001 /* Debug */ = {
			isa = XCBuildConfiguration;
			buildSettings = {
				ALWAYS_SEARCH_USER_PATHS = NO;
				CLANG_ENABLE_MODULES = YES;
				CLANG_ENABLE_OBJC_ARC = YES;
				COPY_PHASE_STRIP = NO;
				DEBUG_INFORMATION_FORMAT = dwarf;
				ENABLE_TESTABILITY = YES;
				GCC_C_LANGUAGE_STANDARD = gnu17;
				MACOSX_DEPLOYMENT_TARGET = 13.0;
				ONLY_ACTIVE_ARCH = YES;
				SDKROOT = macosx;
				SWIFT_ACTIVE_COMPILATION_CONDITIONS = DEBUG;
				SWIFT_OPTIMIZATION_LEVEL = "-Onone";
			};
			name = Debug;
		};
		AD0000000000000000000002 /* Release */ = {
			isa = XCBuildConfiguration;
			buildSettings = {
				ALWAYS_SEARCH_USER_PATHS = NO;
				CLANG_ENABLE_MODULES = YES;
				CLANG_ENABLE_OBJC_ARC = YES;
				DEBUG_INFORMATION_FORMAT = "dwarf-with-dsym";
				ENABLE_NS_ASSERTIONS = NO;
				GCC_C_LANGUAGE_STANDARD = gnu17;
				MACOSX_DEPLOYMENT_TARGET = 13.0;
				SDKROOT = macosx;
				SWIFT_COMPILATION_MODE = wholemodule;
				SWIFT_OPTIMIZATION_LEVEL = "-O";
			};
			name = Release;
		};
		AD0000000000000000000003 /* Debug */ = {
			isa = XCBuildConfiguration;
			buildSettings = {
				CODE_SIGN_STYLE = Automatic;
				COMBINE_HIDPI_IMAGES = YES;
				CURRENT_PROJECT_VERSION = 1;
				ENABLE_HARDENED_RUNTIME = YES;
				GENERATE_INFOPLIST_FILE = YES;
				INFOPLIST_KEY_CFBundleDisplayName = Todo;
				INFOPLIST_KEY_LSApplicationCategoryType = "public.app-category.productivity";
				MARKETING_VERSION = 1.0;
				PRODUCT_BUNDLE_IDENTIFIER = com.angel.todo;
				PRODUCT_NAME = "$(TARGET_NAME)";
				SWIFT_VERSION = 5.0;
			};
			name = Debug;
		};
		AD0000000000000000000004 /* Release */ = {
			isa = XCBuildConfiguration;
			buildSettings = {
				CODE_SIGN_STYLE = Automatic;
				COMBINE_HIDPI_IMAGES = YES;
				CURRENT_PROJECT_VERSION = 1;
				ENABLE_HARDENED_RUNTIME = YES;
				GENERATE_INFOPLIST_FILE = YES;
				INFOPLIST_KEY_CFBundleDisplayName = Todo;
				INFOPLIST_KEY_LSApplicationCategoryType = "public.app-category.productivity";
				MARKETING_VERSION = 1.0;
				PRODUCT_BUNDLE_IDENTIFIER = com.angel.todo;
				PRODUCT_NAME = "$(TARGET_NAME)";
				SWIFT_VERSION = 5.0;
			};
			name = Release;
		};
		AD0000000000000000000005 /* Debug */ = {
			isa = XCBuildConfiguration;
			buildSettings = {
				BUNDLE_LOADER = "$(TEST_HOST)";
				CODE_SIGN_STYLE = Automatic;
				GENERATE_INFOPLIST_FILE = YES;
				MACOSX_DEPLOYMENT_TARGET = 13.0;
				PRODUCT_BUNDLE_IDENTIFIER = com.angel.todo.tests;
				PRODUCT_NAME = "$(TARGET_NAME)";
				SWIFT_VERSION = 5.0;
				TEST_HOST = "$(BUILT_PRODUCTS_DIR)/TodoMac.app/Contents/MacOS/TodoMac";
			};
			name = Debug;
		};
		AD0000000000000000000006 /* Release */ = {
			isa = XCBuildConfiguration;
			buildSettings = {
				BUNDLE_LOADER = "$(TEST_HOST)";
				CODE_SIGN_STYLE = Automatic;
				GENERATE_INFOPLIST_FILE = YES;
				MACOSX_DEPLOYMENT_TARGET = 13.0;
				PRODUCT_BUNDLE_IDENTIFIER = com.angel.todo.tests;
				PRODUCT_NAME = "$(TARGET_NAME)";
				SWIFT_VERSION = 5.0;
				TEST_HOST = "$(BUILT_PRODUCTS_DIR)/TodoMac.app/Contents/MacOS/TodoMac";
			};
			name = Release;
		};
/* End XCBuildConfiguration section */

/* Begin XCConfigurationList section */
		AB0000000000000000000001 /* Build configuration list for PBXNativeTarget "TodoMac" */ = {
			isa = XCConfigurationList;
			buildConfigurations = (
				AD0000000000000000000003 /* Debug */,
				AD0000000000000000000004 /* Release */,
			);
			defaultConfigurationIsVisible = 0;
			defaultConfigurationName = Release;
		};
		AB0000000000000000000002 /* Build configuration list for PBXNativeTarget "TodoMacTests" */ = {
			isa = XCConfigurationList;
			buildConfigurations = (
				AD0000000000000000000005 /* Debug */,
				AD0000000000000000000006 /* Release */,
			);
			defaultConfigurationIsVisible = 0;
			defaultConfigurationName = Release;
		};
		AB0000000000000000000003 /* Build configuration list for PBXProject "TodoMac" */ = {
			isa = XCConfigurationList;
			buildConfigurations = (
				AD0000000000000000000001 /* Debug */,
				AD0000000000000000000002 /* Release */,
			);
			defaultConfigurationIsVisible = 0;
			defaultConfigurationName = Release;
		};
/* End XCConfigurationList section */
	};
	rootObject = A40000000000000000000001 /* Project object */;
}
